
Microsoft Visual Studio Solution File, Format Version 12.00
# Visual Studio 15
VisualStudioVersion = 15.0.28307.271
MinimumVisualStudioVersion = 10.0.40219.1
Project("{FAE04EC0-301F-11D3-BF4B-00C04F79EFBC}") = "LeetCode", "LeetCode\LeetCode.csproj", "{F82331C5-D532-40EB-B8F2-DE0FD0F47ED4}"
EndProject
Project("{FAE04EC0-301F-11D3-BF4B-00C04F79EFBC}") = "UnitTest", "UnitTest\UnitTest.csproj", "{DEFA8E52-C0BD-46D6-8206-B0C7D2580E88}"
EndProject
Global
	GlobalSection(SolutionConfigurationPlatforms) = preSolution
		Debug|Any CPU = Debug|Any CPU
		Release|Any CPU = Release|Any CPU
	EndGlobalSection
	GlobalSection(ProjectConfigurationPlatforms) = postSolution
		{F82331C5-D532-40EB-B8F2-DE0FD0F47ED4}.Debug|Any CPU.ActiveCfg = Debug|Any CPU
		{F82331C5-D532-40EB-B8F2-DE0FD0F47ED4}.Debug|Any CPU.Build.0 = Debug|Any CPU
		{F82331C5-D532-40EB-B8F2-DE0FD0F47ED4}.Release|Any CPU.ActiveCfg = Release|Any CPU
		{F82331C5-D532-40EB-B8F2-DE0FD0F47ED4}.Release|Any CPU.Build.0 = Release|Any CPU
		{DEFA8E52-C0BD-46D6-8206-B0C7D2580E88}.Debug|Any CPU.ActiveCfg = Debug|Any CPU
		{DEFA8E52-C0BD-46D6-8206-B0C7D2580E88}.Debug|Any CPU.Build.0 = Debug|Any CPU
		{DEFA8E52-C0BD-46D6-8206-B0C7D2580E88}.Release|Any CPU.ActiveCfg = Release|Any CPU
		{DEFA8E52-C0BD-46D6-8206-B0C7D2580E88}.Release|Any CPU.Build.0 = Release|Any CPU
	EndGlobalSection
	GlobalSection(SolutionProperties) = preSolution
		HideSolutionNode = FALSE
	EndGlobalSection
	GlobalSection(ExtensibilityGlobals) = postSolution
		SolutionGuid = {A196C762-3E2A-4CDF-A56A-970863D0500D}
	EndGlobalSection
EndGlobal
